github.com/KonstantinGasser/bugsbunny/service_a v0.0.0-20210902190415-54ab7e00c609 h1:HqPhvLOI8gpTht0v+v++yYnIcc+DXptBOtG6DbEVtJo=
github.com/KonstantinGasser/bugsbunny/service_a v0.0.0-20210902190415-54ab7e00c609/go.mod h1:xSvaPOG8hZ7DyjWh6TDLj83PKTLY6pLd14ZLZIHYr1c=
github.com/gorilla/mux v1.8.0 h1:i40aqfkR1h2SlN9hojwV5ZA91wcXFOvkdNIeFDP5koI=
github.com/gorilla/mux v1.8.0/go.mod h1:DVbg23sWSpFRCP0SfiEN6jmj59UnW/n46BH5rLB71So=
